
Microsoft Visual Studio Solution File, Format Version 10.00
# Visual Studio 2008
# SharpDevelop 4.4
Project("{FAE04EC0-301F-11D3-BF4B-00C04F79EFBC}") = "ClassicalSharp", "ClassicalSharp.csproj", "{BEB1C785-5CAD-48FF-A886-876BF0A318D4}"
EndProject
Project("{FAE04EC0-301F-11D3-BF4B-00C04F79EFBC}") = "Launcher", "Launcher\Launcher.csproj", "{23B9BDA8-4330-46AB-9012-08D87430391A}"
EndProject
Global
	GlobalSection(SolutionConfigurationPlatforms) = preSolution
		Debug|Any CPU = Debug|Any CPU
		Release|Any CPU = Release|Any CPU
		Debug_DX32|Any CPU = Debug_DX32|Any CPU
	EndGlobalSection
	GlobalSection(ProjectConfigurationPlatforms) = postSolution
		{BEB1C785-5CAD-48FF-A886-876BF0A318D4}.Debug|Any CPU.Build.0 = Debug|Any CPU
		{BEB1C785-5CAD-48FF-A886-876BF0A318D4}.Debug|x86.Build.0 = Debug|Any CPU
		{BEB1C785-5CAD-48FF-A886-876BF0A318D4}.Release|Any CPU.Build.0 = Release|Any CPU
		{BEB1C785-5CAD-48FF-A886-876BF0A318D4}.Release|x86.Build.0 = Release|Any CPU
		{23B9BDA8-4330-46AB-9012-08D87430391A}.Debug|Any CPU.Build.0 = Debug|Any CPU
		{23B9BDA8-4330-46AB-9012-08D87430391A}.Debug|x86.Build.0 = Debug|Any CPU
		{23B9BDA8-4330-46AB-9012-08D87430391A}.Release|Any CPU.Build.0 = Release|Any CPU
		{23B9BDA8-4330-46AB-9012-08D87430391A}.Release|x86.Build.0 = Release|Any CPU
		{23B9BDA8-4330-46AB-9012-08D87430391A}.Debug|Any CPU.Build.0 = Debug|Any CPU
		{23B9BDA8-4330-46AB-9012-08D87430391A}.Debug|Any CPU.ActiveCfg = Debug|Any CPU
		{23B9BDA8-4330-46AB-9012-08D87430391A}.Release|Any CPU.Build.0 = Release|Any CPU
		{23B9BDA8-4330-46AB-9012-08D87430391A}.Release|Any CPU.ActiveCfg = Release|Any CPU
		{BEB1C785-5CAD-48FF-A886-876BF0A318D4}.Debug|Any CPU.Build.0 = Debug|Any CPU
		{BEB1C785-5CAD-48FF-A886-876BF0A318D4}.Debug|Any CPU.ActiveCfg = Debug|Any CPU
		{BEB1C785-5CAD-48FF-A886-876BF0A318D4}.Release|Any CPU.Build.0 = Release|Any CPU
		{BEB1C785-5CAD-48FF-A886-876BF0A318D4}.Release|Any CPU.ActiveCfg = Release|Any CPU
		{23B9BDA8-4330-46AB-9012-08D87430391A}.Debug_DX32|Any CPU.Build.0 = Debug|Any CPU
		{23B9BDA8-4330-46AB-9012-08D87430391A}.Debug_DX32|Any CPU.ActiveCfg = Debug|Any CPU
		{BEB1C785-5CAD-48FF-A886-876BF0A318D4}.Debug_DX32|Any CPU.Build.0 = Debug|Any CPU
		{BEB1C785-5CAD-48FF-A886-876BF0A318D4}.Debug_DX32|Any CPU.ActiveCfg = Debug_DX32|Any CPU
	EndGlobalSection
	GlobalSection(SolutionProperties) = preSolution
		HideSolutionNode = FALSE
	EndGlobalSection
EndGlobal
