
Microsoft Visual Studio Solution File, Format Version 11.00
# Visual Studio 2010
# SharpDevelop 4.4
Project("{FAE04EC0-301F-11D3-BF4B-00C04F79EFBC}") = "ClassicalSharp", "ClassicalSharp\ClassicalSharp.csproj", "{BEB1C785-5CAD-48FF-A886-876BF0A318D4}"
EndProject
Project("{FAE04EC0-301F-11D3-BF4B-00C04F79EFBC}") = "OpenTK", "OpenTK\OpenTK.csproj", "{35FEE071-2DE6-48A1-9343-B5C1F202A12B}"
EndProject
Project("{FAE04EC0-301F-11D3-BF4B-00C04F79EFBC}") = "InteropPatcher", "InteropPatcher\InteropPatcher.csproj", "{4A4110EE-21CA-4715-AF67-0C8B7CE0642F}"
EndProject
Project("{FAE04EC0-301F-11D3-BF4B-00C04F79EFBC}") = "Launcher2", "Launcher2\Launcher2.csproj", "{3E84ACC1-27B4-401B-A359-6AAE4DF6C9B5}"
EndProject
Global
	GlobalSection(SolutionConfigurationPlatforms) = preSolution
		Debug|Any CPU = Debug|Any CPU
		Release|Any CPU = Release|Any CPU
		Debug_DX|Any CPU = Debug_DX|Any CPU
		Release_DX|Any CPU = Release_DX|Any CPU
	EndGlobalSection
	GlobalSection(ProjectConfigurationPlatforms) = postSolution	
		{BEB1C785-5CAD-48FF-A886-876BF0A318D4}.Debug|Any CPU.Build.0 = Debug|Any CPU
		{BEB1C785-5CAD-48FF-A886-876BF0A318D4}.Debug|Any CPU.ActiveCfg = Debug|Any CPU
		{BEB1C785-5CAD-48FF-A886-876BF0A318D4}.Release|Any CPU.Build.0 = Release|Any CPU
		{BEB1C785-5CAD-48FF-A886-876BF0A318D4}.Release|Any CPU.ActiveCfg = Release|Any CPU
		{BEB1C785-5CAD-48FF-A886-876BF0A318D4}.Debug_DX|Any CPU.Build.0 = Debug_D3D|Any CPU
		{BEB1C785-5CAD-48FF-A886-876BF0A318D4}.Debug_DX|Any CPU.ActiveCfg = Debug_D3D|Any CPU
		{BEB1C785-5CAD-48FF-A886-876BF0A318D4}.Release_DX|Any CPU.Build.0 = Release_D3D|Any CPU
		{BEB1C785-5CAD-48FF-A886-876BF0A318D4}.Release_DX|Any CPU.ActiveCfg = Release_D3D|Any CPU
		{35FEE071-2DE6-48A1-9343-B5C1F202A12B}.Debug|Any CPU.Build.0 = Debug|Any CPU
		{35FEE071-2DE6-48A1-9343-B5C1F202A12B}.Debug|Any CPU.ActiveCfg = Debug|Any CPU
		{35FEE071-2DE6-48A1-9343-B5C1F202A12B}.Release|Any CPU.Build.0 = Release|Any CPU
		{35FEE071-2DE6-48A1-9343-B5C1F202A12B}.Release|Any CPU.ActiveCfg = Release|Any CPU
		{35FEE071-2DE6-48A1-9343-B5C1F202A12B}.Debug_DX|Any CPU.Build.0 = Debug|Any CPU
		{35FEE071-2DE6-48A1-9343-B5C1F202A12B}.Debug_DX|Any CPU.ActiveCfg = Debug|Any CPU
		{35FEE071-2DE6-48A1-9343-B5C1F202A12B}.Release_DX|Any CPU.Build.0 = Release|Any CPU
		{35FEE071-2DE6-48A1-9343-B5C1F202A12B}.Release_DX|Any CPU.ActiveCfg = Release|Any CPU
		{4A4110EE-21CA-4715-AF67-0C8B7CE0642F}.Debug|Any CPU.Build.0 = Debug|Any CPU
		{4A4110EE-21CA-4715-AF67-0C8B7CE0642F}.Debug|Any CPU.ActiveCfg = Debug|Any CPU
		{4A4110EE-21CA-4715-AF67-0C8B7CE0642F}.Release|Any CPU.Build.0 = Release|Any CPU
		{4A4110EE-21CA-4715-AF67-0C8B7CE0642F}.Release|Any CPU.ActiveCfg = Release|Any CPU
		{4A4110EE-21CA-4715-AF67-0C8B7CE0642F}.Debug_DX|Any CPU.Build.0 = Debug|Any CPU
		{4A4110EE-21CA-4715-AF67-0C8B7CE0642F}.Debug_DX|Any CPU.ActiveCfg = Debug|Any CPU
		{4A4110EE-21CA-4715-AF67-0C8B7CE0642F}.Release_DX|Any CPU.Build.0 = Release|Any CPU
		{4A4110EE-21CA-4715-AF67-0C8B7CE0642F}.Release_DX|Any CPU.ActiveCfg = Release|Any CPU
		{3E84ACC1-27B4-401B-A359-6AAE4DF6C9B5}.Debug|Any CPU.Build.0 = Debug|Any CPU
		{3E84ACC1-27B4-401B-A359-6AAE4DF6C9B5}.Debug|Any CPU.ActiveCfg = Debug|Any CPU
		{3E84ACC1-27B4-401B-A359-6AAE4DF6C9B5}.Release|Any CPU.Build.0 = Release|Any CPU
		{3E84ACC1-27B4-401B-A359-6AAE4DF6C9B5}.Release|Any CPU.ActiveCfg = Release|Any CPU
		{3E84ACC1-27B4-401B-A359-6AAE4DF6C9B5}.Debug_DX|Any CPU.Build.0 = Debug|Any CPU
		{3E84ACC1-27B4-401B-A359-6AAE4DF6C9B5}.Debug_DX|Any CPU.ActiveCfg = Debug|Any CPU
		{3E84ACC1-27B4-401B-A359-6AAE4DF6C9B5}.Release_DX|Any CPU.Build.0 = Release|Any CPU
		{3E84ACC1-27B4-401B-A359-6AAE4DF6C9B5}.Release_DX|Any CPU.ActiveCfg = Release|Any CPU
	EndGlobalSection
	GlobalSection(SolutionProperties) = preSolution
		HideSolutionNode = FALSE
	EndGlobalSection
EndGlobal
