
Microsoft Visual Studio Solution File, Format Version 12.00
# Visual Studio Version 16
VisualStudioVersion = 16.0.32002.261
MinimumVisualStudioVersion = 10.0.40219.1
Project("{8BC9CEB8-8B4A-11D0-8D11-00A0C91BC942}") = "ClassiCube", "ClassiCube.vcxproj", "{8A7D82BD-178A-4785-B41B-70EDE998920A}"
EndProject
Global
	GlobalSection(SolutionConfigurationPlatforms) = preSolution
		Debug|x64 = Debug|x64
		Debug|x86 = Debug|x86
		Debug|ARM = Debug|ARM
		Debug|ARM64 = Debug|ARM64
		Release|x64 = Release|x64
		Release|x86 = Release|x86
		Release|ARM = Release|ARM
		Release|ARM64 = Release|ARM64
	EndGlobalSection
	GlobalSection(ProjectConfigurationPlatforms) = postSolution
		{8A7D82BD-178A-4785-B41B-70EDE998920A}.Debug|x64.ActiveCfg = Debug|x64
		{8A7D82BD-178A-4785-B41B-70EDE998920A}.Debug|x64.Build.0 = Debug|x64
		{8A7D82BD-178A-4785-B41B-70EDE998920A}.Debug|x86.ActiveCfg = Debug|Win32
		{8A7D82BD-178A-4785-B41B-70EDE998920A}.Debug|x86.Build.0 = Debug|Win32
		{8A7D82BD-178A-4785-B41B-70EDE998920A}.Debug|ARM.ActiveCfg = Debug|ARM
		{8A7D82BD-178A-4785-B41B-70EDE998920A}.Debug|ARM.Build.0 = Debug|ARM
		{8A7D82BD-178A-4785-B41B-70EDE998920A}.Debug|ARM64.ActiveCfg = Debug|ARM64
		{8A7D82BD-178A-4785-B41B-70EDE998920A}.Debug|ARM64.Build.0 = Debug|ARM64
		{8A7D82BD-178A-4785-B41B-70EDE998920A}.Release|x64.ActiveCfg = Release|x64
		{8A7D82BD-178A-4785-B41B-70EDE998920A}.Release|x64.Build.0 = Release|x64
		{8A7D82BD-178A-4785-B41B-70EDE998920A}.Release|x86.ActiveCfg = Release|Win32
		{8A7D82BD-178A-4785-B41B-70EDE998920A}.Release|x86.Build.0 = Release|Win32
		{8A7D82BD-178A-4785-B41B-70EDE998920A}.Release|ARM.ActiveCfg = Release|ARM
		{8A7D82BD-178A-4785-B41B-70EDE998920A}.Release|ARM.Build.0 = Release|ARM
		{8A7D82BD-178A-4785-B41B-70EDE998920A}.Release|ARM64.ActiveCfg = Release|ARM64
		{8A7D82BD-178A-4785-B41B-70EDE998920A}.Release|ARM64.Build.0 = Release|ARM64
	EndGlobalSection
	GlobalSection(SolutionProperties) = preSolution
		HideSolutionNode = FALSE
	EndGlobalSection
	GlobalSection(ExtensibilityGlobals) = postSolution
		SolutionGuid = {4B462999-C379-4D77-A038-3FD888A240D9}
	EndGlobalSection
EndGlobal
