<?xml version="1.0" encoding="utf-8"?>
<Project ToolsVersion="4.0" xmlns="http://schemas.microsoft.com/developer/msbuild/2003">
  <ItemGroup>
    <Filter Include="Source Files">
      <UniqueIdentifier>{4FC737F1-C7A5-4376-A066-2A32D752A2FF}</UniqueIdentifier>
      <Extensions>cpp;c;cc;cxx;def;odl;idl;hpj;bat;asm;asmx</Extensions>
    </Filter>
    <Filter Include="Header Files">
      <UniqueIdentifier>{93995380-89BD-4b04-88EB-625FBE52EBFB}</UniqueIdentifier>
      <Extensions>h;hh;hpp;hxx;hm;inl;inc;xsd</Extensions>
    </Filter>
    <Filter Include="Resource Files">
      <UniqueIdentifier>{67DA6AB6-F800-4c08-8B7A-83BB121AAD01}</UniqueIdentifier>
      <Extensions>rc;ico;cur;bmp;dlg;rc2;rct;bin;rgs;gif;jpg;jpeg;jpe;resx;tiff;tif;png;wav;mfcribbon-ms</Extensions>
    </Filter>
    <Filter Include="Source Files\Generator">
      <UniqueIdentifier>{5c270b38-8fe1-4d87-81bb-71b889de1474}</UniqueIdentifier>
    </Filter>
    <Filter Include="Header Files\Generator">
      <UniqueIdentifier>{6acee9ab-36de-4f0d-b434-b915b4b52c02}</UniqueIdentifier>
    </Filter>
    <Filter Include="Header Files\Defines">
      <UniqueIdentifier>{405d40c2-3d05-4d42-8ccb-415189b379a4}</UniqueIdentifier>
    </Filter>
  </ItemGroup>
  <ItemGroup>
    <ClInclude Include="NotchyGenerator.h">
      <Filter>Header Files\Generator</Filter>
    </ClInclude>
    <ClInclude Include="Random.h">
      <Filter>Header Files\Generator</Filter>
    </ClInclude>
    <ClInclude Include="Noise.h">
      <Filter>Header Files\Generator</Filter>
    </ClInclude>
    <ClInclude Include="Typedefs.h">
      <Filter>Header Files\Defines</Filter>
    </ClInclude>
    <ClInclude Include="Compiler.h">
      <Filter>Header Files\Defines</Filter>
    </ClInclude>
  </ItemGroup>
  <ItemGroup>
    <ClCompile Include="NotchyGenerator.c">
      <Filter>Source Files\Generator</Filter>
    </ClCompile>
    <ClCompile Include="Random.c">
      <Filter>Source Files\Generator</Filter>
    </ClCompile>
    <ClCompile Include="Noise.c">
      <Filter>Source Files\Generator</Filter>
    </ClCompile>
  </ItemGroup>
</Project>